{
  "nodes": {
    "flake-utils": {
      "locked": {
        "lastModified": 1659877975,
        "narHash": "sha256-zllb8aq3YO3h8B/U0/J1WBgAL8EX5yWf5pMj3G0NAmc=",
        "owner": "numtide",
        "repo": "flake-utils",
        "rev": "c0e246b9b83f637f4681389ecabcb2681b4f3af0",
        "type": "github"
      },
      "original": {
        "owner": "numtide",
        "repo": "flake-utils",
        "type": "github"
      }
    },
    "nixpkgs": {
      "locked": {
        "lastModified": 1660908602,
        "narHash": "sha256-SwZ85IPWvC4NxxFhWhRMTJpApSHbY1u4YK2UFWEBWvY=",
        "owner": "NixOS",
        "repo": "nixpkgs",
        "rev": "495b19d5b3e62b4ec7e846bdfb6ef3d9c3b83492",
        "type": "github"
      },
      "original": {
        "id": "nixpkgs",
        "ref": "nixos-unstable",
        "type": "indirect"
      }
    },
    "root": {
      "inputs": {
        "flake-utils": "flake-utils",
        "nixpkgs": "nixpkgs",
        "write-catalog": "write-catalog"
      }
    },
    "write-catalog": {
      "flake": false,
      "locked": {
        "lastModified": 1,
        "narHash": "sha256-1Ee/a4QXT7whKPWSWpx9bRY/SxlriX9SRokYZ+hfx4U=",
        "path": "write-catalog.rkt",
        "type": "path"
      },
      "original": {
        "path": "write-catalog.rkt",
        "type": "path"
      }
    }
  },
  "root": "root",
  "version": 7
}
